// !$*UTF8*$!
{
	archiveVersion = 1;
	classes = {
	};
	objectVersion = 46;
	objects = {

/* Begin PBXBuildFile section */
		705986BE1E252E8200E9CE79 /* UIImage+TextDrawing.m in Sources */ = {isa = PBXBuildFile; fileRef = 705986BD1E252E8200E9CE79 /* UIImage+TextDrawing.m */; };
		705986C11E2530BD00E9CE79 /* UIView+Extras.m in Sources */ = {isa = PBXBuildFile; fileRef = 705986C01E2530BD00E9CE79 /* UIView+Extras.m */; };
		70721D771D80980000892EFB /* main.m in Sources */ = {isa = PBXBuildFile; fileRef = 70721D761D80980000892EFB /* main.m */; };
		70721D7A1D80980000892EFB /* AppDelegate.m in Sources */ = {isa = PBXBuildFile; fileRef = 70721D791D80980000892EFB /* AppDelegate.m */; };
		70721D7D1D80980000892EFB /* ViewController.m in Sources */ = {isa = PBXBuildFile; fileRef = 70721D7C1D80980000892EFB /* ViewController.m */; };
		70721D801D80980000892EFB /* Main.storyboard in Resources */ = {isa = PBXBuildFile; fileRef = 70721D7E1D80980000892EFB /* Main.storyboard */; };
		70721D821D80980000892EFB /* Assets.xcassets in Resources */ = {isa = PBXBuildFile; fileRef = 70721D811D80980000892EFB /* Assets.xcassets */; };
		70721D851D80980000892EFB /* LaunchScreen.storyboard in Resources */ = {isa = PBXBuildFile; fileRef = 70721D831D80980000892EFB /* LaunchScreen.storyboard */; };
/* End PBXBuildFile section */

/* Begin PBXFileReference section */
		705986BC1E252E8200E9CE79 /* UIImage+TextDrawing.h */ = {isa = PBXFileReference; fileEncoding = 4; lastKnownFileType = sourcecode.c.h; path = "UIImage+TextDrawing.h"; sourceTree = "<group>"; };
		705986BD1E252E8200E9CE79 /* UIImage+TextDrawing.m */ = {isa = PBXFileReference; fileEncoding = 4; lastKnownFileType = sourcecode.c.objc; path = "UIImage+TextDrawing.m"; sourceTree = "<group>"; };
		705986BF1E2530BD00E9CE79 /* UIView+Extras.h */ = {isa = PBXFileReference; fileEncoding = 4; lastKnownFileType = sourcecode.c.h; path = "UIView+Extras.h"; sourceTree = "<group>"; };
		705986C01E2530BD00E9CE79 /* UIView+Extras.m */ = {isa = PBXFileReference; fileEncoding = 4; lastKnownFileType = sourcecode.c.objc; path = "UIView+Extras.m"; sourceTree = "<group>"; };
		70721D721D80980000892EFB /* drawOnTrace.app */ = {isa = PBXFileReference; explicitFileType = wrapper.application; includeInIndex = 0; path = drawOnTrace.app; sourceTree = BUILT_PRODUCTS_DIR; };
		70721D761D80980000892EFB /* main.m */ = {isa = PBXFileReference; lastKnownFileType = sourcecode.c.objc; path = main.m; sourceTree = "<group>"; };
		70721D781D80980000892EFB /* AppDelegate.h */ = {isa = PBXFileReference; lastKnownFileType = sourcecode.c.h; path = AppDelegate.h; sourceTree = "<group>"; };
		70721D791D80980000892EFB /* AppDelegate.m */ = {isa = PBXFileReference; lastKnownFileType = sourcecode.c.objc; path = AppDelegate.m; sourceTree = "<group>"; };
		70721D7B1D80980000892EFB /* ViewController.h */ = {isa = PBXFileReference; lastKnownFileType = sourcecode.c.h; path = ViewController.h; sourceTree = "<group>"; };
		70721D7C1D80980000892EFB /* ViewController.m */ = {isa = PBXFileReference; lastKnownFileType = sourcecode.c.objc; path = ViewController.m; sourceTree = "<group>"; };
		70721D7F1D80980000892EFB /* Base */ = {isa = PBXFileReference; lastKnownFileType = file.storyboard; name = Base; path = Base.lproj/Main.storyboard; sourceTree = "<group>"; };
		70721D811D80980000892EFB /* Assets.xcassets */ = {isa = PBXFileReference; lastKnownFileType = folder.assetcatalog; path = Assets.xcassets; sourceTree = "<group>"; };
		70721D841D80980000892EFB /* Base */ = {isa = PBXFileReference; lastKnownFileType = file.storyboard; name = Base; path = Base.lproj/LaunchScreen.storyboard; sourceTree = "<group>"; };
		70721D861D80980000892EFB /* Info.plist */ = {isa = PBXFileReference; lastKnownFileType = text.plist.xml; path = Info.plist; sourceTree = "<group>"; };
/* End PBXFileReference section */

/* Begin PBXFrameworksBuildPhase section */
		70721D6F1D80980000892EFB /* Frameworks */ = {
			isa = PBXFrameworksBuildPhase;
			buildActionMask = 2147483647;
			files = (
			);
			runOnlyForDeploymentPostprocessing = 0;
		};
/* End PBXFrameworksBuildPhase section */

/* Begin PBXGroup section */
		70721D691D80980000892EFB = {
			isa = PBXGroup;
			children = (
				70721D741D80980000892EFB /* drawOnTrace */,
				70721D731D80980000892EFB /* Products */,
			);
			sourceTree = "<group>";
		};
		70721D731D80980000892EFB /* Products */ = {
			isa = PBXGroup;
			children = (
				70721D721D80980000892EFB /* drawOnTrace.app */,
			);
			name = Products;
			sourceTree = "<group>";
		};
		70721D741D80980000892EFB /* drawOnTrace */ = {
			isa = PBXGroup;
			children = (
				70721D781D80980000892EFB /* AppDelegate.h */,
				70721D791D80980000892EFB /* AppDelegate.m */,
				70721D7B1D80980000892EFB /* ViewController.h */,
				70721D7C1D80980000892EFB /* ViewController.m */,
				70721D7E1D80980000892EFB /* Main.storyboard */,
				70721D811D80980000892EFB /* Assets.xcassets */,
				70721D831D80980000892EFB /* LaunchScreen.storyboard */,
				70721D861D80980000892EFB /* Info.plist */,
				70721D751D80980000892EFB /* Supporting Files */,
				705986BC1E252E8200E9CE79 /* UIImage+TextDrawing.h */,
				705986BD1E252E8200E9CE79 /* UIImage+TextDrawing.m */,
				705986BF1E2530BD00E9CE79 /* UIView+Extras.h */,
				705986C01E2530BD00E9CE79 /* UIView+Extras.m */,
			);
			path = drawOnTrace;
			sourceTree = "<group>";
		};
		70721D751D80980000892EFB /* Supporting Files */ = {
			isa = PBXGroup;
			children = (
				70721D761D80980000892EFB /* main.m */,
			);
			name = "Supporting Files";
			sourceTree = "<group>";
		};
/* End PBXGroup section */

/* Begin PBXNativeTarget section */
		70721D711D80980000892EFB /* drawOnTrace */ = {
			isa = PBXNativeTarget;
			buildConfigurationList = 70721D891D80980000892EFB /* Build configuration list for PBXNativeTarget "drawOnTrace" */;
			buildPhases = (
				70721D6E1D80980000892EFB /* Sources */,
				70721D6F1D80980000892EFB /* Frameworks */,
				70721D701D80980000892EFB /* Resources */,
			);
			buildRules = (
			);
			dependencies = (
			);
			name = drawOnTrace;
			productName = drawOnTrace;
			productReference = 70721D721D80980000892EFB /* drawOnTrace.app */;
			productType = "com.apple.product-type.application";
		};
/* End PBXNativeTarget section */

/* Begin PBXProject section */
		70721D6A1D80980000892EFB /* Project object */ = {
			isa = PBXProject;
			attributes = {
				LastUpgradeCheck = 0820;
				ORGANIZATIONNAME = "Michael Roebuck";
				TargetAttributes = {
					70721D711D80980000892EFB = {
						CreatedOnToolsVersion = 7.3.1;
					};
				};
			};
			buildConfigurationList = 70721D6D1D80980000892EFB /* Build configuration list for PBXProject "drawOnTrace" */;
			compatibilityVersion = "Xcode 3.2";
			developmentRegion = English;
			hasScannedForEncodings = 0;
			knownRegions = (
				en,
				Base,
			);
			mainGroup = 70721D691D80980000892EFB;
			productRefGroup = 70721D731D80980000892EFB /* Products */;
			projectDirPath = "";
			projectRoot = "";
			targets = (
				70721D711D80980000892EFB /* drawOnTrace */,
			);
		};
/* End PBXProject section */

/* Begin PBXResourcesBuildPhase section */
		70721D701D80980000892EFB /* Resources */ = {
			isa = PBXResourcesBuildPhase;
			buildActionMask = 2147483647;
			files = (
				70721D851D80980000892EFB /* LaunchScreen.storyboard in Resources */,
				70721D821D80980000892EFB /* Assets.xcassets in Resources */,
				70721D801D80980000892EFB /* Main.storyboard in Resources */,
			);
			runOnlyForDeploymentPostprocessing = 0;
		};
/* End PBXResourcesBuildPhase section */

/* Begin PBXSourcesBuildPhase section */
		70721D6E1D80980000892EFB /* Sources */ = {
			isa = PBXSourcesBuildPhase;
			buildActionMask = 2147483647;
			files = (
				70721D7D1D80980000892EFB /* ViewController.m in Sources */,
				705986BE1E252E8200E9CE79 /* UIImage+TextDrawing.m in Sources */,
				70721D7A1D80980000892EFB /* AppDelegate.m in Sources */,
				70721D771D80980000892EFB /* main.m in Sources */,
				705986C11E2530BD00E9CE79 /* UIView+Extras.m in Sources */,
			);
			runOnlyForDeploymentPostprocessing = 0;
		};
/* End PBXSourcesBuildPhase section */

/* Begin PBXVariantGroup section */
		70721D7E1D80980000892EFB /* Main.storyboard */ = {
			isa = PBXVariantGroup;
			children = (
				70721D7F1D80980000892EFB /* Base */,
			);
			name = Main.storyboard;
			sourceTree = "<group>";
		};
		70721D831D80980000892EFB /* LaunchScreen.storyboard */ = {
			isa = PBXVariantGroup;
			children = (
				70721D841D80980000892EFB /* Base */,
			);
			name = LaunchScreen.storyboard;
			sourceTree = "<group>";
		};
/* End PBXVariantGroup section */

/* Begin XCBuildConfiguration section */
		70721D871D80980000892EFB /* Debug */ = {
			isa = XCBuildConfiguration;
			buildSettings = {
				ALWAYS_SEARCH_USER_PATHS = NO;
				CLANG_ANALYZER_NONNULL = YES;
				CLANG_CXX_LANGUAGE_STANDARD = "gnu++0x";
				CLANG_CXX_LIBRARY = "libc++";
				CLANG_ENABLE_MODULES = YES;
				CLANG_ENABLE_OBJC_ARC = YES;
				CLANG_WARN_BOOL_CONVERSION = YES;
				CLANG_WARN_CONSTANT_CONVERSION = YES;
				CLANG_WARN_DIRECT_OBJC_ISA_USAGE = YES_ERROR;
				CLANG_WARN_EMPTY_BODY = YES;
				CLANG_WARN_ENUM_CONVERSION = YES;
				CLANG_WARN_INFINITE_RECURSION = YES;
				CLANG_WARN_INT_CONVERSION = YES;
				CLANG_WARN_OBJC_ROOT_CLASS = YES_ERROR;
				CLANG_WARN_SUSPICIOUS_MOVE = YES;
				CLANG_WARN_UNREACHABLE_CODE = YES;
				CLANG_WARN__DUPLICATE_METHOD_MATCH = YES;
				"CODE_SIGN_IDENTITY[sdk=iphoneos*]" = "iPhone Developer";
				COPY_PHASE_STRIP = NO;
				DEBUG_INFORMATION_FORMAT = dwarf;
				ENABLE_STRICT_OBJC_MSGSEND = YES;
				ENABLE_TESTABILITY = YES;
				GCC_C_LANGUAGE_STANDARD = gnu99;
				GCC_DYNAMIC_NO_PIC = NO;
				GCC_NO_COMMON_BLOCKS = YES;
				GCC_OPTIMIZATION_LEVEL = 0;
				GCC_PREPROCESSOR_DEFINITIONS = (
					"DEBUG=1",
					"$(inherited)",
				);
				GCC_WARN_64_TO_32_BIT_CONVERSION = YES;
				GCC_WARN_ABOUT_RETURN_TYPE = YES_ERROR;
				GCC_WARN_UNDECLARED_SELECTOR = YES;
				GCC_WARN_UNINITIALIZED_AUTOS = YES_AGGRESSIVE;
				GCC_WARN_UNUSED_FUNCTION = YES;
				GCC_WARN_UNUSED_VARIABLE = YES;
				IPHONEOS_DEPLOYMENT_TARGET = 9.3;
				MTL_ENABLE_DEBUG_INFO = YES;
				ONLY_ACTIVE_ARCH = YES;
				SDKROOT = iphoneos;
				TARGETED_DEVICE_FAMILY = "1,2";
			};
			name = Debug;
		};
		70721D881D80980000892EFB /* Release */ = {
			isa = XCBuildConfiguration;
			buildSettings = {
				ALWAYS_SEARCH_USER_PATHS = NO;
				CLANG_ANALYZER_NONNULL = YES;
				CLANG_CXX_LANGUAGE_STANDARD = "gnu++0x";
				CLANG_CXX_LIBRARY = "libc++";
				CLANG_ENABLE_MODULES = YES;
				CLANG_ENABLE_OBJC_ARC = YES;
				CLANG_WARN_BOOL_CONVERSION = YES;
				CLANG_WARN_CONSTANT_CONVERSION = YES;
				CLANG_WARN_DIRECT_OBJC_ISA_USAGE = YES_ERROR;
				CLANG_WARN_EMPTY_BODY = YES;
				CLANG_WARN_ENUM_CONVERSION = YES;
				CLANG_WARN_INFINITE_RECURSION = YES;
				CLANG_WARN_INT_CONVERSION = YES;
				CLANG_WARN_OBJC_ROOT_CLASS = YES_ERROR;
				CLANG_WARN_SUSPICIOUS_MOVE = YES;
				CLANG_WARN_UNREACHABLE_CODE = YES;
				CLANG_WARN__DUPLICATE_METHOD_MATCH = YES;
				"CODE_SIGN_IDENTITY[sdk=iphoneos*]" = "iPhone Developer";
				COPY_PHASE_STRIP = NO;
				DEBUG_INFORMATION_FORMAT = "dwarf-with-dsym";
				ENABLE_NS_ASSERTIONS = NO;
				ENABLE_STRICT_OBJC_MSGSEND = YES;
				GCC_C_LANGUAGE_STANDARD = gnu99;
				GCC_NO_COMMON_BLOCKS = YES;
				GCC_WARN_64_TO_32_BIT_CONVERSION = YES;
				GCC_WARN_ABOUT_RETURN_TYPE = YES_ERROR;
				GCC_WARN_UNDECLARED_SELECTOR = YES;
				GCC_WARN_UNINITIALIZED_AUTOS = YES_AGGRESSIVE;
				GCC_WARN_UNUSED_FUNCTION = YES;
				GCC_WARN_UNUSED_VARIABLE = YES;
				IPHONEOS_DEPLOYMENT_TARGET = 9.3;
				MTL_ENABLE_DEBUG_INFO = NO;
				SDKROOT = iphoneos;
				TARGETED_DEVICE_FAMILY = "1,2";
				VALIDATE_PRODUCT = YES;
			};
			name = Release;
		};
		70721D8A1D80980000892EFB /* Debug */ = {
			isa = XCBuildConfiguration;
			buildSettings = {
				ASSETCATALOG_COMPILER_APPICON_NAME = AppIcon;
				INFOPLIST_FILE = drawOnTrace/Info.plist;
				LD_RUNPATH_SEARCH_PATHS = "$(inherited) @executable_path/Frameworks";
				PRODUCT_BUNDLE_IDENTIFIER = com.coachroebuck.app.drawOnTrace;
				PRODUCT_NAME = "$(TARGET_NAME)";
			};
			name = Debug;
		};
		70721D8B1D80980000892EFB /* Release */ = {
			isa = XCBuildConfiguration;
			buildSettings = {
				ASSETCATALOG_COMPILER_APPICON_NAME = AppIcon;
				INFOPLIST_FILE = drawOnTrace/Info.plist;
				LD_RUNPATH_SEARCH_PATHS = "$(inherited) @executable_path/Frameworks";
				PRODUCT_BUNDLE_IDENTIFIER = com.coachroebuck.app.drawOnTrace;
				PRODUCT_NAME = "$(TARGET_NAME)";
			};
			name = Release;
		};
/* End XCBuildConfiguration section */

/* Begin XCConfigurationList section */
		70721D6D1D80980000892EFB /* Build configuration list for PBXProject "drawOnTrace" */ = {
			isa = XCConfigurationList;
			buildConfigurations = (
				70721D871D80980000892EFB /* Debug */,
				70721D881D80980000892EFB /* Release */,
			);
			defaultConfigurationIsVisible = 0;
			defaultConfigurationName = Release;
		};
		70721D891D80980000892EFB /* Build configuration list for PBXNativeTarget "drawOnTrace" */ = {
			isa = XCConfigurationList;
			buildConfigurations = (
				70721D8A1D80980000892EFB /* Debug */,
				70721D8B1D80980000892EFB /* Release */,
			);
			defaultConfigurationIsVisible = 0;
			defaultConfigurationName = Release;
		};
/* End XCConfigurationList section */
	};
	rootObject = 70721D6A1D80980000892EFB /* Project object */;
}
